
Microsoft Visual Studio Solution File, Format Version 12.00
# Visual Studio 15
VisualStudioVersion = 15.0.28307.902
MinimumVisualStudioVersion = 10.0.40219.1
Project("{FAE04EC0-301F-11D3-BF4B-00C04F79EFBC}") = "ExplicitImplicitOperator.cs", "ExplicitImplicitOperator.cs\ExplicitImplicitOperator.cs.csproj", "{C9924D3B-6D2B-41EE-AB6A-92F56DBD5871}"
EndProject
Global
	GlobalSection(SolutionConfigurationPlatforms) = preSolution
		Debug|Any CPU = Debug|Any CPU
		Release|Any CPU = Release|Any CPU
	EndGlobalSection
	GlobalSection(ProjectConfigurationPlatforms) = postSolution
		{C9924D3B-6D2B-41EE-AB6A-92F56DBD5871}.Debug|Any CPU.ActiveCfg = Debug|Any CPU
		{C9924D3B-6D2B-41EE-AB6A-92F56DBD5871}.Debug|Any CPU.Build.0 = Debug|Any CPU
		{C9924D3B-6D2B-41EE-AB6A-92F56DBD5871}.Release|Any CPU.ActiveCfg = Release|Any CPU
		{C9924D3B-6D2B-41EE-AB6A-92F56DBD5871}.Release|Any CPU.Build.0 = Release|Any CPU
	EndGlobalSection
	GlobalSection(SolutionProperties) = preSolution
		HideSolutionNode = FALSE
	EndGlobalSection
	GlobalSection(ExtensibilityGlobals) = postSolution
		SolutionGuid = {3765E0AB-4E0D-45FB-AB55-7260A011C9B9}
	EndGlobalSection
EndGlobal
